
Microsoft Visual Studio Solution File, Format Version 12.00
# Visual Studio 14
VisualStudioVersion = 14.0.25420.1
MinimumVisualStudioVersion = 10.0.40219.1
Project("{FAE04EC0-301F-11D3-BF4B-00C04F79EFBC}") = "WebApp", "SmartPac v1.1\WebApp.csproj", "{4E33F298-9CE3-4DE1-93F3-87E38120EDAA}"
EndProject
Project("{FAE04EC0-301F-11D3-BF4B-00C04F79EFBC}") = "DesktopApp", "DesktopApp\DesktopApp.csproj", "{CAB93229-5383-4832-A019-5843A684D190}"
EndProject
Global
	GlobalSection(SolutionConfigurationPlatforms) = preSolution
		Debug|Any CPU = Debug|Any CPU
		Release|Any CPU = Release|Any CPU
	EndGlobalSection
	GlobalSection(ProjectConfigurationPlatforms) = postSolution
		{4E33F298-9CE3-4DE1-93F3-87E38120EDAA}.Debug|Any CPU.ActiveCfg = Debug|Any CPU
		{4E33F298-9CE3-4DE1-93F3-87E38120EDAA}.Debug|Any CPU.Build.0 = Debug|Any CPU
		{4E33F298-9CE3-4DE1-93F3-87E38120EDAA}.Release|Any CPU.ActiveCfg = Release|Any CPU
		{4E33F298-9CE3-4DE1-93F3-87E38120EDAA}.Release|Any CPU.Build.0 = Release|Any CPU
		{CAB93229-5383-4832-A019-5843A684D190}.Debug|Any CPU.ActiveCfg = Debug|Any CPU
		{CAB93229-5383-4832-A019-5843A684D190}.Debug|Any CPU.Build.0 = Debug|Any CPU
		{CAB93229-5383-4832-A019-5843A684D190}.Release|Any CPU.ActiveCfg = Release|Any CPU
		{CAB93229-5383-4832-A019-5843A684D190}.Release|Any CPU.Build.0 = Release|Any CPU
	EndGlobalSection
	GlobalSection(SolutionProperties) = preSolution
		HideSolutionNode = FALSE
	EndGlobalSection
EndGlobal
